github.com/BalazsNyiro/jyp v0.0.0-20240310023436-2d0984fc85c4 h1:WSjWXWIj+GjIkCKpfERmmIlcShaYRAbVZVCzjegoX1s=
github.com/BalazsNyiro/jyp v0.0.0-20240310023436-2d0984fc85c4/go.mod h1:7ALiObne8iWegB3vXgh0B9fdJOJ+5wD7+MNo0dJq62s=
github.com/BalazsNyiro/jyp v0.0.0-20240310211159-a11e7051390c h1:TeoMff/oynlj2pIvbf01EC9lw13Q/okRVW6Y32xjrQk=
github.com/BalazsNyiro/jyp v0.0.0-20240310211159-a11e7051390c/go.mod h1:7ALiObne8iWegB3vXgh0B9fdJOJ+5wD7+MNo0dJq62s=
