github.com/BalazsNyiro/jyp v0.0.0-20220815014012-c510072375fb h1:hl9HfU6+Zat9m/0NJGsTF5asehmN2OTjPxqkKm3/FAg=
github.com/BalazsNyiro/jyp v0.0.0-20220815014012-c510072375fb/go.mod h1:7ALiObne8iWegB3vXgh0B9fdJOJ+5wD7+MNo0dJq62s=
github.com/BalazsNyiro/jyp v0.0.0-20220815020021-a7e4925a3ef3 h1:em7TbNF4uIrob5tBsdT4B4gClq2E3Lval2l8EkBFJ3w=
github.com/BalazsNyiro/jyp v0.0.0-20220815020021-a7e4925a3ef3/go.mod h1:7ALiObne8iWegB3vXgh0B9fdJOJ+5wD7+MNo0dJq62s=
github.com/BalazsNyiro/jyp v0.0.0-20220815022956-88177b89952f h1:XoMF6eSk4MnauiHiWfJuojGBLX1U1aO2pZYfWx1z/5g=
github.com/BalazsNyiro/jyp v0.0.0-20220815022956-88177b89952f/go.mod h1:7ALiObne8iWegB3vXgh0B9fdJOJ+5wD7+MNo0dJq62s=
github.com/BalazsNyiro/jyp v0.0.0-20220815023539-d85aea88c829 h1:b3SbQH0wxHi0yiPr0uM1fNy/m+gVVfPMZ9zwnEQQs7A=
github.com/BalazsNyiro/jyp v0.0.0-20220815023539-d85aea88c829/go.mod h1:7ALiObne8iWegB3vXgh0B9fdJOJ+5wD7+MNo0dJq62s=
github.com/BalazsNyiro/jyp v0.0.0-20220816012959-e9b753c6c670 h1:O5RT+Y/JHjBnecWuhPa3csRq0blU/szBUQivbMckCX4=
github.com/BalazsNyiro/jyp v0.0.0-20220816012959-e9b753c6c670/go.mod h1:7ALiObne8iWegB3vXgh0B9fdJOJ+5wD7+MNo0dJq62s=
github.com/BalazsNyiro/jyp v0.0.0-20220816015344-11aa6406348f h1:TmQc/VaZg7hhqgQbdOZ8Cra9PLXPnI75olWF1ILvSs8=
github.com/BalazsNyiro/jyp v0.0.0-20220816015344-11aa6406348f/go.mod h1:7ALiObne8iWegB3vXgh0B9fdJOJ+5wD7+MNo0dJq62s=
github.com/BalazsNyiro/jyp v0.0.0-20220816021645-d41b94abb943 h1:8cIv864eGIZAcMpgGnOotA9sAc+v5d0jAsy+AjzDd6Q=
github.com/BalazsNyiro/jyp v0.0.0-20220816021645-d41b94abb943/go.mod h1:7ALiObne8iWegB3vXgh0B9fdJOJ+5wD7+MNo0dJq62s=
