github.com/BalazsNyiro/jyp v0.0.0-20221009122100-44643bee0a81 h1:zm9JqsbD2mMUBUZ9aiKHGrEQlD+z86Lw7JFuoM3qgt8=
github.com/BalazsNyiro/jyp v0.0.0-20221009122100-44643bee0a81/go.mod h1:7ALiObne8iWegB3vXgh0B9fdJOJ+5wD7+MNo0dJq62s=
github.com/BalazsNyiro/jyp v0.0.0-20221020013057-7687beba2ab4 h1:eB5R2+NgUaP4SQJWP6IPiO6NZNJIid9MU5700k+8pLA=
github.com/BalazsNyiro/jyp v0.0.0-20221020013057-7687beba2ab4/go.mod h1:7ALiObne8iWegB3vXgh0B9fdJOJ+5wD7+MNo0dJq62s=
